
Microsoft Visual Studio Solution File, Format Version 12.00
# Visual Studio Version 17
VisualStudioVersion = 17.1.32328.378
MinimumVisualStudioVersion = 10.0.40219.1
Project("{FAE04EC0-301F-11D3-BF4B-00C04F79EFBC}") = "weblab12", "weblab12\weblab12.csproj", "{65B6074C-1529-43DF-BF94-A81791ECACF9}"
EndProject
Global
	GlobalSection(SolutionConfigurationPlatforms) = preSolution
		Debug|Any CPU = Debug|Any CPU
		Release|Any CPU = Release|Any CPU
	EndGlobalSection
	GlobalSection(ProjectConfigurationPlatforms) = postSolution
		{65B6074C-1529-43DF-BF94-A81791ECACF9}.Debug|Any CPU.ActiveCfg = Debug|Any CPU
		{65B6074C-1529-43DF-BF94-A81791ECACF9}.Debug|Any CPU.Build.0 = Debug|Any CPU
		{65B6074C-1529-43DF-BF94-A81791ECACF9}.Release|Any CPU.ActiveCfg = Release|Any CPU
		{65B6074C-1529-43DF-BF94-A81791ECACF9}.Release|Any CPU.Build.0 = Release|Any CPU
	EndGlobalSection
	GlobalSection(SolutionProperties) = preSolution
		HideSolutionNode = FALSE
	EndGlobalSection
	GlobalSection(ExtensibilityGlobals) = postSolution
		SolutionGuid = {0F69A031-1C75-4DAC-A1FF-049F3F622069}
	EndGlobalSection
EndGlobal
